
Microsoft Visual Studio Solution File, Format Version 12.00
# Visual Studio Version 17
VisualStudioVersion = 17.8.34511.84
MinimumVisualStudioVersion = 10.0.40219.1
Project("{FAE04EC0-301F-11D3-BF4B-00C04F79EFBC}") = "PDFViewer___Core6", "PDFViewer - Core6\PDFViewer___Core6.csproj", "{3D7F7031-9D39-4386-9FCC-D39BE9042C4A}"
EndProject
Global
	GlobalSection(SolutionConfigurationPlatforms) = preSolution
		Debug|Any CPU = Debug|Any CPU
		Release|Any CPU = Release|Any CPU
	EndGlobalSection
	GlobalSection(ProjectConfigurationPlatforms) = postSolution
		{3D7F7031-9D39-4386-9FCC-D39BE9042C4A}.Debug|Any CPU.ActiveCfg = Debug|Any CPU
		{3D7F7031-9D39-4386-9FCC-D39BE9042C4A}.Debug|Any CPU.Build.0 = Debug|Any CPU
		{3D7F7031-9D39-4386-9FCC-D39BE9042C4A}.Release|Any CPU.ActiveCfg = Release|Any CPU
		{3D7F7031-9D39-4386-9FCC-D39BE9042C4A}.Release|Any CPU.Build.0 = Release|Any CPU
	EndGlobalSection
	GlobalSection(SolutionProperties) = preSolution
		HideSolutionNode = FALSE
	EndGlobalSection
	GlobalSection(ExtensibilityGlobals) = postSolution
		SolutionGuid = {3054718A-1E52-4EF3-B080-9F954D1998BF}
	EndGlobalSection
EndGlobal
